
Microsoft Visual Studio Solution File, Format Version 11.00
# Visual Studio 2010
Project("{F184B08F-C81C-45F6-A57F-5ABD9991F28F}") = "Room Finder", "Room Finder\Room Finder.vbproj", "{F98A3871-CF1F-4EAC-A5A5-5417C87BD104}"
EndProject
Global
	GlobalSection(SolutionConfigurationPlatforms) = preSolution
		Debug|x86 = Debug|x86
		Release|x86 = Release|x86
	EndGlobalSection
	GlobalSection(ProjectConfigurationPlatforms) = postSolution
		{F98A3871-CF1F-4EAC-A5A5-5417C87BD104}.Debug|x86.ActiveCfg = Debug|x86
		{F98A3871-CF1F-4EAC-A5A5-5417C87BD104}.Debug|x86.Build.0 = Debug|x86
		{F98A3871-CF1F-4EAC-A5A5-5417C87BD104}.Release|x86.ActiveCfg = Release|x86
		{F98A3871-CF1F-4EAC-A5A5-5417C87BD104}.Release|x86.Build.0 = Release|x86
	EndGlobalSection
	GlobalSection(SolutionProperties) = preSolution
		HideSolutionNode = FALSE
	EndGlobalSection
EndGlobal
