
Microsoft Visual Studio Solution File, Format Version 11.00
# Visual Studio 2010
Project("{F184B08F-C81C-45F6-A57F-5ABD9991F28F}") = "FirstForm", "FirstForm\FirstForm.vbproj", "{51E7A225-F07B-4C9B-826C-EFE188C52BA5}"
EndProject
Global
	GlobalSection(SolutionConfigurationPlatforms) = preSolution
		Debug|x86 = Debug|x86
		Release|x86 = Release|x86
	EndGlobalSection
	GlobalSection(ProjectConfigurationPlatforms) = postSolution
		{51E7A225-F07B-4C9B-826C-EFE188C52BA5}.Debug|x86.ActiveCfg = Debug|x86
		{51E7A225-F07B-4C9B-826C-EFE188C52BA5}.Debug|x86.Build.0 = Debug|x86
		{51E7A225-F07B-4C9B-826C-EFE188C52BA5}.Release|x86.ActiveCfg = Release|x86
		{51E7A225-F07B-4C9B-826C-EFE188C52BA5}.Release|x86.Build.0 = Release|x86
	EndGlobalSection
	GlobalSection(SolutionProperties) = preSolution
		HideSolutionNode = FALSE
	EndGlobalSection
EndGlobal
